
Microsoft Visual Studio Solution File, Format Version 12.00
# Visual Studio 15
VisualStudioVersion = 15.0.27130.2036
MinimumVisualStudioVersion = 10.0.40219.1
Project("{FAE04EC0-301F-11D3-BF4B-00C04F79EFBC}") = "CriptoAzureStorageConsole", "CriptoAzureStorageConsole\CriptoAzureStorageConsole.csproj", "{8F75EA29-F84D-463A-AD6F-057E905C5FE5}"
EndProject
Project("{FAE04EC0-301F-11D3-BF4B-00C04F79EFBC}") = "CriptoAzureStorageConsoleCore", "CriptoAzureStorageConsoleCore\CriptoAzureStorageConsoleCore.csproj", "{A937145A-962D-4829-BF5E-B17D1ABFACC5}"
EndProject
Global
	GlobalSection(SolutionConfigurationPlatforms) = preSolution
		Debug|Any CPU = Debug|Any CPU
		Release|Any CPU = Release|Any CPU
	EndGlobalSection
	GlobalSection(ProjectConfigurationPlatforms) = postSolution
		{8F75EA29-F84D-463A-AD6F-057E905C5FE5}.Debug|Any CPU.ActiveCfg = Debug|Any CPU
		{8F75EA29-F84D-463A-AD6F-057E905C5FE5}.Debug|Any CPU.Build.0 = Debug|Any CPU
		{8F75EA29-F84D-463A-AD6F-057E905C5FE5}.Release|Any CPU.ActiveCfg = Release|Any CPU
		{8F75EA29-F84D-463A-AD6F-057E905C5FE5}.Release|Any CPU.Build.0 = Release|Any CPU
		{A937145A-962D-4829-BF5E-B17D1ABFACC5}.Debug|Any CPU.ActiveCfg = Debug|Any CPU
		{A937145A-962D-4829-BF5E-B17D1ABFACC5}.Debug|Any CPU.Build.0 = Debug|Any CPU
		{A937145A-962D-4829-BF5E-B17D1ABFACC5}.Release|Any CPU.ActiveCfg = Release|Any CPU
		{A937145A-962D-4829-BF5E-B17D1ABFACC5}.Release|Any CPU.Build.0 = Release|Any CPU
	EndGlobalSection
	GlobalSection(SolutionProperties) = preSolution
		HideSolutionNode = FALSE
	EndGlobalSection
	GlobalSection(ExtensibilityGlobals) = postSolution
		SolutionGuid = {74305CAF-CCC0-436A-8EB4-13F0A2D423E6}
	EndGlobalSection
EndGlobal
